
Microsoft Visual Studio Solution File, Format Version 12.00
# Visual Studio Version 16
VisualStudioVersion = 16.0.31729.503
MinimumVisualStudioVersion = 10.0.40219.1
Project("{FAE04EC0-301F-11D3-BF4B-00C04F79EFBC}") = "Homework 5.5 Task 1", "Homework 5.5 Task 1.csproj", "{9AC36F51-F438-4AC9-8BD8-522889EC0E4C}"
EndProject
Global
	GlobalSection(SolutionConfigurationPlatforms) = preSolution
		Debug|Any CPU = Debug|Any CPU
		Release|Any CPU = Release|Any CPU
	EndGlobalSection
	GlobalSection(ProjectConfigurationPlatforms) = postSolution
		{9AC36F51-F438-4AC9-8BD8-522889EC0E4C}.Debug|Any CPU.ActiveCfg = Debug|Any CPU
		{9AC36F51-F438-4AC9-8BD8-522889EC0E4C}.Debug|Any CPU.Build.0 = Debug|Any CPU
		{9AC36F51-F438-4AC9-8BD8-522889EC0E4C}.Release|Any CPU.ActiveCfg = Release|Any CPU
		{9AC36F51-F438-4AC9-8BD8-522889EC0E4C}.Release|Any CPU.Build.0 = Release|Any CPU
	EndGlobalSection
	GlobalSection(SolutionProperties) = preSolution
		HideSolutionNode = FALSE
	EndGlobalSection
	GlobalSection(ExtensibilityGlobals) = postSolution
		SolutionGuid = {645BA896-13DA-4118-8DA0-E1A4B00E6D22}
	EndGlobalSection
EndGlobal
